
Microsoft Visual Studio Solution File, Format Version 12.00
# Visual Studio Version 17
VisualStudioVersion = 17.5.002.0
MinimumVisualStudioVersion = 10.0.40219.1
Project("{9A19103F-16F7-4668-BE54-9A1E7A4F7556}") = "demoMVC", "demoMVC\demoMVC.csproj", "{A71D77AC-B3B7-444C-8DD9-2937D6C98428}"
EndProject
Project("{9A19103F-16F7-4668-BE54-9A1E7A4F7556}") = "Duyen158", "Duyen158\Duyen158.csproj", "{8774F3B1-8D94-40A8-9328-E9E59AF419FF}"
EndProject
Global
	GlobalSection(SolutionConfigurationPlatforms) = preSolution
		Debug|Any CPU = Debug|Any CPU
		Release|Any CPU = Release|Any CPU
	EndGlobalSection
	GlobalSection(ProjectConfigurationPlatforms) = postSolution
		{A71D77AC-B3B7-444C-8DD9-2937D6C98428}.Debug|Any CPU.ActiveCfg = Debug|Any CPU
		{A71D77AC-B3B7-444C-8DD9-2937D6C98428}.Debug|Any CPU.Build.0 = Debug|Any CPU
		{A71D77AC-B3B7-444C-8DD9-2937D6C98428}.Release|Any CPU.ActiveCfg = Release|Any CPU
		{A71D77AC-B3B7-444C-8DD9-2937D6C98428}.Release|Any CPU.Build.0 = Release|Any CPU
		{8774F3B1-8D94-40A8-9328-E9E59AF419FF}.Debug|Any CPU.ActiveCfg = Debug|Any CPU
		{8774F3B1-8D94-40A8-9328-E9E59AF419FF}.Debug|Any CPU.Build.0 = Debug|Any CPU
		{8774F3B1-8D94-40A8-9328-E9E59AF419FF}.Release|Any CPU.ActiveCfg = Release|Any CPU
		{8774F3B1-8D94-40A8-9328-E9E59AF419FF}.Release|Any CPU.Build.0 = Release|Any CPU
	EndGlobalSection
	GlobalSection(SolutionProperties) = preSolution
		HideSolutionNode = FALSE
	EndGlobalSection
	GlobalSection(ExtensibilityGlobals) = postSolution
		SolutionGuid = {EE14B734-D976-4A7D-B9BA-FAD023165A71}
	EndGlobalSection
EndGlobal
